
Microsoft Visual Studio Solution File, Format Version 12.00
# Visual Studio Version 17
VisualStudioVersion = 17.3.32929.385
MinimumVisualStudioVersion = 10.0.40219.1
Project("{FAE04EC0-301F-11D3-BF4B-00C04F79EFBC}") = "TMS_DesktopApp", "TMS_DesktopApp\TMS_DesktopApp.csproj", "{8F7C1C86-77D2-4B4C-AECD-F5995D032F54}"
EndProject
Global
	GlobalSection(SolutionConfigurationPlatforms) = preSolution
		Debug|Any CPU = Debug|Any CPU
		Release|Any CPU = Release|Any CPU
	EndGlobalSection
	GlobalSection(ProjectConfigurationPlatforms) = postSolution
		{8F7C1C86-77D2-4B4C-AECD-F5995D032F54}.Debug|Any CPU.ActiveCfg = Debug|Any CPU
		{8F7C1C86-77D2-4B4C-AECD-F5995D032F54}.Debug|Any CPU.Build.0 = Debug|Any CPU
		{8F7C1C86-77D2-4B4C-AECD-F5995D032F54}.Release|Any CPU.ActiveCfg = Release|Any CPU
		{8F7C1C86-77D2-4B4C-AECD-F5995D032F54}.Release|Any CPU.Build.0 = Release|Any CPU
	EndGlobalSection
	GlobalSection(SolutionProperties) = preSolution
		HideSolutionNode = FALSE
	EndGlobalSection
	GlobalSection(ExtensibilityGlobals) = postSolution
		SolutionGuid = {A8291155-E85D-401C-BFAB-C2CF1D03313C}
	EndGlobalSection
EndGlobal
